
Microsoft Visual Studio Solution File, Format Version 12.00
# Visual Studio Version 16
VisualStudioVersion = 16.0.31129.286
MinimumVisualStudioVersion = 10.0.40219.1
Project("{FAE04EC0-301F-11D3-BF4B-00C04F79EFBC}") = "Rejestr_PawełPieniak", "Rejestr_PawełPieniak.csproj", "{1486B077-2308-4298-98F2-E8E459948794}"
EndProject
Global
	GlobalSection(SolutionConfigurationPlatforms) = preSolution
		Debug|Any CPU = Debug|Any CPU
		Release|Any CPU = Release|Any CPU
	EndGlobalSection
	GlobalSection(ProjectConfigurationPlatforms) = postSolution
		{1486B077-2308-4298-98F2-E8E459948794}.Debug|Any CPU.ActiveCfg = Debug|Any CPU
		{1486B077-2308-4298-98F2-E8E459948794}.Debug|Any CPU.Build.0 = Debug|Any CPU
		{1486B077-2308-4298-98F2-E8E459948794}.Release|Any CPU.ActiveCfg = Release|Any CPU
		{1486B077-2308-4298-98F2-E8E459948794}.Release|Any CPU.Build.0 = Release|Any CPU
	EndGlobalSection
	GlobalSection(SolutionProperties) = preSolution
		HideSolutionNode = FALSE
	EndGlobalSection
	GlobalSection(ExtensibilityGlobals) = postSolution
		SolutionGuid = {3B88607E-1CFD-49D7-AF30-F4879AB5B453}
	EndGlobalSection
EndGlobal
